// !$*UTF8*$!
{
	archiveVersion = 1;
	classes = {
	};
	objectVersion = 56;
	objects = {

/* Begin PBXBuildFile section */
		18936A112AAA917400367F1C /* AppDelegate.swift in Sources */ = {isa = PBXBuildFile; fileRef = 18936A102AAA917400367F1C /* AppDelegate.swift */; };
		18936A132AAA917400367F1C /* SceneDelegate.swift in Sources */ = {isa = PBXBuildFile; fileRef = 18936A122AAA917400367F1C /* SceneDelegate.swift */; };
		18936A152AAA917400367F1C /* ViewController.swift in Sources */ = {isa = PBXBuildFile; fileRef = 18936A142AAA917400367F1C /* ViewController.swift */; };
		18936A182AAA917400367F1C /* Main.storyboard in Resources */ = {isa = PBXBuildFile; fileRef = 18936A162AAA917400367F1C /* Main.storyboard */; };
		18936A1A2AAA917600367F1C /* Assets.xcassets in Resources */ = {isa = PBXBuildFile; fileRef = 18936A192AAA917600367F1C /* Assets.xcassets */; };
		18936A1D2AAA917600367F1C /* LaunchScreen.storyboard in Resources */ = {isa = PBXBuildFile; fileRef = 18936A1B2AAA917600367F1C /* LaunchScreen.storyboard */; };
		18936A282AAA917600367F1C /* WeatherAppTests.swift in Sources */ = {isa = PBXBuildFile; fileRef = 18936A272AAA917600367F1C /* WeatherAppTests.swift */; };
		18936A322AAA917600367F1C /* WeatherAppUITests.swift in Sources */ = {isa = PBXBuildFile; fileRef = 18936A312AAA917600367F1C /* WeatherAppUITests.swift */; };
		18936A342AAA917600367F1C /* WeatherAppUITestsLaunchTests.swift in Sources */ = {isa = PBXBuildFile; fileRef = 18936A332AAA917600367F1C /* WeatherAppUITestsLaunchTests.swift */; };
		18936A492AAA9C5500367F1C /* CurrentWeather.swift in Sources */ = {isa = PBXBuildFile; fileRef = 18936A482AAA9C5500367F1C /* CurrentWeather.swift */; };
		18936A4B2AAAA3C500367F1C /* ViewModel.swift in Sources */ = {isa = PBXBuildFile; fileRef = 18936A4A2AAAA3C500367F1C /* ViewModel.swift */; };
		18936A4D2AAAA3FE00367F1C /* NetworkManager.swift in Sources */ = {isa = PBXBuildFile; fileRef = 18936A4C2AAAA3FE00367F1C /* NetworkManager.swift */; };
		18936A4F2AAAA60200367F1C /* AppConfigurations.swift in Sources */ = {isa = PBXBuildFile; fileRef = 18936A4E2AAAA60200367F1C /* AppConfigurations.swift */; };
		18936A512AAAB36500367F1C /* Loader.swift in Sources */ = {isa = PBXBuildFile; fileRef = 18936A502AAAB36500367F1C /* Loader.swift */; };
/* End PBXBuildFile section */

/* Begin PBXContainerItemProxy section */
		18936A242AAA917600367F1C /* PBXContainerItemProxy */ = {
			isa = PBXContainerItemProxy;
			containerPortal = 18936A052AAA917400367F1C /* Project object */;
			proxyType = 1;
			remoteGlobalIDString = 18936A0C2AAA917400367F1C;
			remoteInfo = WeatherApp;
		};
		18936A2E2AAA917600367F1C /* PBXContainerItemProxy */ = {
			isa = PBXContainerItemProxy;
			containerPortal = 18936A052AAA917400367F1C /* Project object */;
			proxyType = 1;
			remoteGlobalIDString = 18936A0C2AAA917400367F1C;
			remoteInfo = WeatherApp;
		};
/* End PBXContainerItemProxy section */

/* Begin PBXFileReference section */
		18936A0D2AAA917400367F1C /* WeatherApp.app */ = {isa = PBXFileReference; explicitFileType = wrapper.application; includeInIndex = 0; path = WeatherApp.app; sourceTree = BUILT_PRODUCTS_DIR; };
		18936A102AAA917400367F1C /* AppDelegate.swift */ = {isa = PBXFileReference; lastKnownFileType = sourcecode.swift; path = AppDelegate.swift; sourceTree = "<group>"; };
		18936A122AAA917400367F1C /* SceneDelegate.swift */ = {isa = PBXFileReference; lastKnownFileType = sourcecode.swift; path = SceneDelegate.swift; sourceTree = "<group>"; };
		18936A142AAA917400367F1C /* ViewController.swift */ = {isa = PBXFileReference; lastKnownFileType = sourcecode.swift; path = ViewController.swift; sourceTree = "<group>"; };
		18936A172AAA917400367F1C /* Base */ = {isa = PBXFileReference; lastKnownFileType = file.storyboard; name = Base; path = Base.lproj/Main.storyboard; sourceTree = "<group>"; };
		18936A192AAA917600367F1C /* Assets.xcassets */ = {isa = PBXFileReference; lastKnownFileType = folder.assetcatalog; path = Assets.xcassets; sourceTree = "<group>"; };
		18936A1C2AAA917600367F1C /* Base */ = {isa = PBXFileReference; lastKnownFileType = file.storyboard; name = Base; path = Base.lproj/LaunchScreen.storyboard; sourceTree = "<group>"; };
		18936A1E2AAA917600367F1C /* Info.plist */ = {isa = PBXFileReference; lastKnownFileType = text.plist.xml; path = Info.plist; sourceTree = "<group>"; };
		18936A232AAA917600367F1C /* WeatherAppTests.xctest */ = {isa = PBXFileReference; explicitFileType = wrapper.cfbundle; includeInIndex = 0; path = WeatherAppTests.xctest; sourceTree = BUILT_PRODUCTS_DIR; };
		18936A272AAA917600367F1C /* WeatherAppTests.swift */ = {isa = PBXFileReference; lastKnownFileType = sourcecode.swift; path = WeatherAppTests.swift; sourceTree = "<group>"; };
		18936A2D2AAA917600367F1C /* WeatherAppUITests.xctest */ = {isa = PBXFileReference; explicitFileType = wrapper.cfbundle; includeInIndex = 0; path = WeatherAppUITests.xctest; sourceTree = BUILT_PRODUCTS_DIR; };
		18936A312AAA917600367F1C /* WeatherAppUITests.swift */ = {isa = PBXFileReference; lastKnownFileType = sourcecode.swift; path = WeatherAppUITests.swift; sourceTree = "<group>"; };
		18936A332AAA917600367F1C /* WeatherAppUITestsLaunchTests.swift */ = {isa = PBXFileReference; lastKnownFileType = sourcecode.swift; path = WeatherAppUITestsLaunchTests.swift; sourceTree = "<group>"; };
		18936A482AAA9C5500367F1C /* CurrentWeather.swift */ = {isa = PBXFileReference; lastKnownFileType = sourcecode.swift; path = CurrentWeather.swift; sourceTree = "<group>"; };
		18936A4A2AAAA3C500367F1C /* ViewModel.swift */ = {isa = PBXFileReference; lastKnownFileType = sourcecode.swift; path = ViewModel.swift; sourceTree = "<group>"; };
		18936A4C2AAAA3FE00367F1C /* NetworkManager.swift */ = {isa = PBXFileReference; lastKnownFileType = sourcecode.swift; path = NetworkManager.swift; sourceTree = "<group>"; };
		18936A4E2AAAA60200367F1C /* AppConfigurations.swift */ = {isa = PBXFileReference; lastKnownFileType = sourcecode.swift; path = AppConfigurations.swift; sourceTree = "<group>"; };
		18936A502AAAB36500367F1C /* Loader.swift */ = {isa = PBXFileReference; lastKnownFileType = sourcecode.swift; path = Loader.swift; sourceTree = "<group>"; };
/* End PBXFileReference section */

/* Begin PBXFrameworksBuildPhase section */
		18936A0A2AAA917400367F1C /* Frameworks */ = {
			isa = PBXFrameworksBuildPhase;
			buildActionMask = 2147483647;
			files = (
			);
			runOnlyForDeploymentPostprocessing = 0;
		};
		18936A202AAA917600367F1C /* Frameworks */ = {
			isa = PBXFrameworksBuildPhase;
			buildActionMask = 2147483647;
			files = (
			);
			runOnlyForDeploymentPostprocessing = 0;
		};
		18936A2A2AAA917600367F1C /* Frameworks */ = {
			isa = PBXFrameworksBuildPhase;
			buildActionMask = 2147483647;
			files = (
			);
			runOnlyForDeploymentPostprocessing = 0;
		};
/* End PBXFrameworksBuildPhase section */

/* Begin PBXGroup section */
		18936A042AAA917400367F1C = {
			isa = PBXGroup;
			children = (
				18936A0F2AAA917400367F1C /* WeatherApp */,
				18936A262AAA917600367F1C /* WeatherAppTests */,
				18936A302AAA917600367F1C /* WeatherAppUITests */,
				18936A0E2AAA917400367F1C /* Products */,
			);
			sourceTree = "<group>";
		};
		18936A0E2AAA917400367F1C /* Products */ = {
			isa = PBXGroup;
			children = (
				18936A0D2AAA917400367F1C /* WeatherApp.app */,
				18936A232AAA917600367F1C /* WeatherAppTests.xctest */,
				18936A2D2AAA917600367F1C /* WeatherAppUITests.xctest */,
			);
			name = Products;
			sourceTree = "<group>";
		};
		18936A0F2AAA917400367F1C /* WeatherApp */ = {
			isa = PBXGroup;
			children = (
				18936A452AAA9BB100367F1C /* Application */,
				18936A422AAA99F500367F1C /* Data */,
				18936A432AAA9A9E00367F1C /* Network */,
				18936A402AAA99DF00367F1C /* Presentation */,
				18936A442AAA9B7D00367F1C /* Resources */,
				18936A412AAA99E800367F1C /* ViewModel */,
				18936A1E2AAA917600367F1C /* Info.plist */,
			);
			path = WeatherApp;
			sourceTree = "<group>";
		};
		18936A262AAA917600367F1C /* WeatherAppTests */ = {
			isa = PBXGroup;
			children = (
				18936A272AAA917600367F1C /* WeatherAppTests.swift */,
			);
			path = WeatherAppTests;
			sourceTree = "<group>";
		};
		18936A302AAA917600367F1C /* WeatherAppUITests */ = {
			isa = PBXGroup;
			children = (
				18936A312AAA917600367F1C /* WeatherAppUITests.swift */,
				18936A332AAA917600367F1C /* WeatherAppUITestsLaunchTests.swift */,
			);
			path = WeatherAppUITests;
			sourceTree = "<group>";
		};
		18936A402AAA99DF00367F1C /* Presentation */ = {
			isa = PBXGroup;
			children = (
				18936A142AAA917400367F1C /* ViewController.swift */,
				18936A162AAA917400367F1C /* Main.storyboard */,
			);
			path = Presentation;
			sourceTree = "<group>";
		};
		18936A412AAA99E800367F1C /* ViewModel */ = {
			isa = PBXGroup;
			children = (
				18936A4A2AAAA3C500367F1C /* ViewModel.swift */,
			);
			path = ViewModel;
			sourceTree = "<group>";
		};
		18936A422AAA99F500367F1C /* Data */ = {
			isa = PBXGroup;
			children = (
				18936A482AAA9C5500367F1C /* CurrentWeather.swift */,
			);
			path = Data;
			sourceTree = "<group>";
		};
		18936A432AAA9A9E00367F1C /* Network */ = {
			isa = PBXGroup;
			children = (
				18936A4C2AAAA3FE00367F1C /* NetworkManager.swift */,
			);
			path = Network;
			sourceTree = "<group>";
		};
		18936A442AAA9B7D00367F1C /* Resources */ = {
			isa = PBXGroup;
			children = (
				18936A192AAA917600367F1C /* Assets.xcassets */,
				18936A1B2AAA917600367F1C /* LaunchScreen.storyboard */,
				18936A4E2AAAA60200367F1C /* AppConfigurations.swift */,
				18936A502AAAB36500367F1C /* Loader.swift */,
			);
			path = Resources;
			sourceTree = "<group>";
		};
		18936A452AAA9BB100367F1C /* Application */ = {
			isa = PBXGroup;
			children = (
				18936A102AAA917400367F1C /* AppDelegate.swift */,
				18936A122AAA917400367F1C /* SceneDelegate.swift */,
			);
			path = Application;
			sourceTree = "<group>";
		};
/* End PBXGroup section */

/* Begin PBXNativeTarget section */
		18936A0C2AAA917400367F1C /* WeatherApp */ = {
			isa = PBXNativeTarget;
			buildConfigurationList = 18936A372AAA917600367F1C /* Build configuration list for PBXNativeTarget "WeatherApp" */;
			buildPhases = (
				18936A092AAA917400367F1C /* Sources */,
				18936A0A2AAA917400367F1C /* Frameworks */,
				18936A0B2AAA917400367F1C /* Resources */,
			);
			buildRules = (
			);
			dependencies = (
			);
			name = WeatherApp;
			productName = WeatherApp;
			productReference = 18936A0D2AAA917400367F1C /* WeatherApp.app */;
			productType = "com.apple.product-type.application";
		};
		18936A222AAA917600367F1C /* WeatherAppTests */ = {
			isa = PBXNativeTarget;
			buildConfigurationList = 18936A3A2AAA917600367F1C /* Build configuration list for PBXNativeTarget "WeatherAppTests" */;
			buildPhases = (
				18936A1F2AAA917600367F1C /* Sources */,
				18936A202AAA917600367F1C /* Frameworks */,
				18936A212AAA917600367F1C /* Resources */,
			);
			buildRules = (
			);
			dependencies = (
				18936A252AAA917600367F1C /* PBXTargetDependency */,
			);
			name = WeatherAppTests;
			productName = WeatherAppTests;
			productReference = 18936A232AAA917600367F1C /* WeatherAppTests.xctest */;
			productType = "com.apple.product-type.bundle.unit-test";
		};
		18936A2C2AAA917600367F1C /* WeatherAppUITests */ = {
			isa = PBXNativeTarget;
			buildConfigurationList = 18936A3D2AAA917600367F1C /* Build configuration list for PBXNativeTarget "WeatherAppUITests" */;
			buildPhases = (
				18936A292AAA917600367F1C /* Sources */,
				18936A2A2AAA917600367F1C /* Frameworks */,
				18936A2B2AAA917600367F1C /* Resources */,
			);
			buildRules = (
			);
			dependencies = (
				18936A2F2AAA917600367F1C /* PBXTargetDependency */,
			);
			name = WeatherAppUITests;
			productName = WeatherAppUITests;
			productReference = 18936A2D2AAA917600367F1C /* WeatherAppUITests.xctest */;
			productType = "com.apple.product-type.bundle.ui-testing";
		};
/* End PBXNativeTarget section */

/* Begin PBXProject section */
		18936A052AAA917400367F1C /* Project object */ = {
			isa = PBXProject;
			attributes = {
				BuildIndependentTargetsInParallel = 1;
				LastSwiftUpdateCheck = 1430;
				LastUpgradeCheck = 1430;
				TargetAttributes = {
					18936A0C2AAA917400367F1C = {
						CreatedOnToolsVersion = 14.3.1;
					};
					18936A222AAA917600367F1C = {
						CreatedOnToolsVersion = 14.3.1;
						TestTargetID = 18936A0C2AAA917400367F1C;
					};
					18936A2C2AAA917600367F1C = {
						CreatedOnToolsVersion = 14.3.1;
						TestTargetID = 18936A0C2AAA917400367F1C;
					};
				};
			};
			buildConfigurationList = 18936A082AAA917400367F1C /* Build configuration list for PBXProject "WeatherApp" */;
			compatibilityVersion = "Xcode 14.0";
			developmentRegion = en;
			hasScannedForEncodings = 0;
			knownRegions = (
				en,
				Base,
			);
			mainGroup = 18936A042AAA917400367F1C;
			productRefGroup = 18936A0E2AAA917400367F1C /* Products */;
			projectDirPath = "";
			projectRoot = "";
			targets = (
				18936A0C2AAA917400367F1C /* WeatherApp */,
				18936A222AAA917600367F1C /* WeatherAppTests */,
				18936A2C2AAA917600367F1C /* WeatherAppUITests */,
			);
		};
/* End PBXProject section */

/* Begin PBXResourcesBuildPhase section */
		18936A0B2AAA917400367F1C /* Resources */ = {
			isa = PBXResourcesBuildPhase;
			buildActionMask = 2147483647;
			files = (
				18936A1D2AAA917600367F1C /* LaunchScreen.storyboard in Resources */,
				18936A1A2AAA917600367F1C /* Assets.xcassets in Resources */,
				18936A182AAA917400367F1C /* Main.storyboard in Resources */,
			);
			runOnlyForDeploymentPostprocessing = 0;
		};
		18936A212AAA917600367F1C /* Resources */ = {
			isa = PBXResourcesBuildPhase;
			buildActionMask = 2147483647;
			files = (
			);
			runOnlyForDeploymentPostprocessing = 0;
		};
		18936A2B2AAA917600367F1C /* Resources */ = {
			isa = PBXResourcesBuildPhase;
			buildActionMask = 2147483647;
			files = (
			);
			runOnlyForDeploymentPostprocessing = 0;
		};
/* End PBXResourcesBuildPhase section */

/* Begin PBXSourcesBuildPhase section */
		18936A092AAA917400367F1C /* Sources */ = {
			isa = PBXSourcesBuildPhase;
			buildActionMask = 2147483647;
			files = (
				18936A4D2AAAA3FE00367F1C /* NetworkManager.swift in Sources */,
				18936A4B2AAAA3C500367F1C /* ViewModel.swift in Sources */,
				18936A492AAA9C5500367F1C /* CurrentWeather.swift in Sources */,
				18936A152AAA917400367F1C /* ViewController.swift in Sources */,
				18936A4F2AAAA60200367F1C /* AppConfigurations.swift in Sources */,
				18936A112AAA917400367F1C /* AppDelegate.swift in Sources */,
				18936A512AAAB36500367F1C /* Loader.swift in Sources */,
				18936A132AAA917400367F1C /* SceneDelegate.swift in Sources */,
			);
			runOnlyForDeploymentPostprocessing = 0;
		};
		18936A1F2AAA917600367F1C /* Sources */ = {
			isa = PBXSourcesBuildPhase;
			buildActionMask = 2147483647;
			files = (
				18936A282AAA917600367F1C /* WeatherAppTests.swift in Sources */,
			);
			runOnlyForDeploymentPostprocessing = 0;
		};
		18936A292AAA917600367F1C /* Sources */ = {
			isa = PBXSourcesBuildPhase;
			buildActionMask = 2147483647;
			files = (
				18936A322AAA917600367F1C /* WeatherAppUITests.swift in Sources */,
				18936A342AAA917600367F1C /* WeatherAppUITestsLaunchTests.swift in Sources */,
			);
			runOnlyForDeploymentPostprocessing = 0;
		};
/* End PBXSourcesBuildPhase section */

/* Begin PBXTargetDependency section */
		18936A252AAA917600367F1C /* PBXTargetDependency */ = {
			isa = PBXTargetDependency;
			target = 18936A0C2AAA917400367F1C /* WeatherApp */;
			targetProxy = 18936A242AAA917600367F1C /* PBXContainerItemProxy */;
		};
		18936A2F2AAA917600367F1C /* PBXTargetDependency */ = {
			isa = PBXTargetDependency;
			target = 18936A0C2AAA917400367F1C /* WeatherApp */;
			targetProxy = 18936A2E2AAA917600367F1C /* PBXContainerItemProxy */;
		};
/* End PBXTargetDependency section */

/* Begin PBXVariantGroup section */
		18936A162AAA917400367F1C /* Main.storyboard */ = {
			isa = PBXVariantGroup;
			children = (
				18936A172AAA917400367F1C /* Base */,
			);
			name = Main.storyboard;
			sourceTree = "<group>";
		};
		18936A1B2AAA917600367F1C /* LaunchScreen.storyboard */ = {
			isa = PBXVariantGroup;
			children = (
				18936A1C2AAA917600367F1C /* Base */,
			);
			name = LaunchScreen.storyboard;
			sourceTree = "<group>";
		};
/* End PBXVariantGroup section */

/* Begin XCBuildConfiguration section */
		18936A352AAA917600367F1C /* Debug */ = {
			isa = XCBuildConfiguration;
			buildSettings = {
				ALWAYS_SEARCH_USER_PATHS = NO;
				CLANG_ANALYZER_NONNULL = YES;
				CLANG_ANALYZER_NUMBER_OBJECT_CONVERSION = YES_AGGRESSIVE;
				CLANG_CXX_LANGUAGE_STANDARD = "gnu++20";
				CLANG_ENABLE_MODULES = YES;
				CLANG_ENABLE_OBJC_ARC = YES;
				CLANG_ENABLE_OBJC_WEAK = YES;
				CLANG_WARN_BLOCK_CAPTURE_AUTORELEASING = YES;
				CLANG_WARN_BOOL_CONVERSION = YES;
				CLANG_WARN_COMMA = YES;
				CLANG_WARN_CONSTANT_CONVERSION = YES;
				CLANG_WARN_DEPRECATED_OBJC_IMPLEMENTATIONS = YES;
				CLANG_WARN_DIRECT_OBJC_ISA_USAGE = YES_ERROR;
				CLANG_WARN_DOCUMENTATION_COMMENTS = YES;
				CLANG_WARN_EMPTY_BODY = YES;
				CLANG_WARN_ENUM_CONVERSION = YES;
				CLANG_WARN_INFINITE_RECURSION = YES;
				CLANG_WARN_INT_CONVERSION = YES;
				CLANG_WARN_NON_LITERAL_NULL_CONVERSION = YES;
				CLANG_WARN_OBJC_IMPLICIT_RETAIN_SELF = YES;
				CLANG_WARN_OBJC_LITERAL_CONVERSION = YES;
				CLANG_WARN_OBJC_ROOT_CLASS = YES_ERROR;
				CLANG_WARN_QUOTED_INCLUDE_IN_FRAMEWORK_HEADER = YES;
				CLANG_WARN_RANGE_LOOP_ANALYSIS = YES;
				CLANG_WARN_STRICT_PROTOTYPES = YES;
				CLANG_WARN_SUSPICIOUS_MOVE = YES;
				CLANG_WARN_UNGUARDED_AVAILABILITY = YES_AGGRESSIVE;
				CLANG_WARN_UNREACHABLE_CODE = YES;
				CLANG_WARN__DUPLICATE_METHOD_MATCH = YES;
				COPY_PHASE_STRIP = NO;
				DEBUG_INFORMATION_FORMAT = dwarf;
				ENABLE_STRICT_OBJC_MSGSEND = YES;
				ENABLE_TESTABILITY = YES;
				GCC_C_LANGUAGE_STANDARD = gnu11;
				GCC_DYNAMIC_NO_PIC = NO;
				GCC_NO_COMMON_BLOCKS = YES;
				GCC_OPTIMIZATION_LEVEL = 0;
				GCC_PREPROCESSOR_DEFINITIONS = (
					"DEBUG=1",
					"$(inherited)",
				);
				GCC_WARN_64_TO_32_BIT_CONVERSION = YES;
				GCC_WARN_ABOUT_RETURN_TYPE = YES_ERROR;
				GCC_WARN_UNDECLARED_SELECTOR = YES;
				GCC_WARN_UNINITIALIZED_AUTOS = YES_AGGRESSIVE;
				GCC_WARN_UNUSED_FUNCTION = YES;
				GCC_WARN_UNUSED_VARIABLE = YES;
				IPHONEOS_DEPLOYMENT_TARGET = 16.4;
				MTL_ENABLE_DEBUG_INFO = INCLUDE_SOURCE;
				MTL_FAST_MATH = YES;
				ONLY_ACTIVE_ARCH = YES;
				SDKROOT = iphoneos;
				SWIFT_ACTIVE_COMPILATION_CONDITIONS = DEBUG;
				SWIFT_OPTIMIZATION_LEVEL = "-Onone";
			};
			name = Debug;
		};
		18936A362AAA917600367F1C /* Release */ = {
			isa = XCBuildConfiguration;
			buildSettings = {
				ALWAYS_SEARCH_USER_PATHS = NO;
				CLANG_ANALYZER_NONNULL = YES;
				CLANG_ANALYZER_NUMBER_OBJECT_CONVERSION = YES_AGGRESSIVE;
				CLANG_CXX_LANGUAGE_STANDARD = "gnu++20";
				CLANG_ENABLE_MODULES = YES;
				CLANG_ENABLE_OBJC_ARC = YES;
				CLANG_ENABLE_OBJC_WEAK = YES;
				CLANG_WARN_BLOCK_CAPTURE_AUTORELEASING = YES;
				CLANG_WARN_BOOL_CONVERSION = YES;
				CLANG_WARN_COMMA = YES;
				CLANG_WARN_CONSTANT_CONVERSION = YES;
				CLANG_WARN_DEPRECATED_OBJC_IMPLEMENTATIONS = YES;
				CLANG_WARN_DIRECT_OBJC_ISA_USAGE = YES_ERROR;
				CLANG_WARN_DOCUMENTATION_COMMENTS = YES;
				CLANG_WARN_EMPTY_BODY = YES;
				CLANG_WARN_ENUM_CONVERSION = YES;
				CLANG_WARN_INFINITE_RECURSION = YES;
				CLANG_WARN_INT_CONVERSION = YES;
				CLANG_WARN_NON_LITERAL_NULL_CONVERSION = YES;
				CLANG_WARN_OBJC_IMPLICIT_RETAIN_SELF = YES;
				CLANG_WARN_OBJC_LITERAL_CONVERSION = YES;
				CLANG_WARN_OBJC_ROOT_CLASS = YES_ERROR;
				CLANG_WARN_QUOTED_INCLUDE_IN_FRAMEWORK_HEADER = YES;
				CLANG_WARN_RANGE_LOOP_ANALYSIS = YES;
				CLANG_WARN_STRICT_PROTOTYPES = YES;
				CLANG_WARN_SUSPICIOUS_MOVE = YES;
				CLANG_WARN_UNGUARDED_AVAILABILITY = YES_AGGRESSIVE;
				CLANG_WARN_UNREACHABLE_CODE = YES;
				CLANG_WARN__DUPLICATE_METHOD_MATCH = YES;
				COPY_PHASE_STRIP = NO;
				DEBUG_INFORMATION_FORMAT = "dwarf-with-dsym";
				ENABLE_NS_ASSERTIONS = NO;
				ENABLE_STRICT_OBJC_MSGSEND = YES;
				GCC_C_LANGUAGE_STANDARD = gnu11;
				GCC_NO_COMMON_BLOCKS = YES;
				GCC_WARN_64_TO_32_BIT_CONVERSION = YES;
				GCC_WARN_ABOUT_RETURN_TYPE = YES_ERROR;
				GCC_WARN_UNDECLARED_SELECTOR = YES;
				GCC_WARN_UNINITIALIZED_AUTOS = YES_AGGRESSIVE;
				GCC_WARN_UNUSED_FUNCTION = YES;
				GCC_WARN_UNUSED_VARIABLE = YES;
				IPHONEOS_DEPLOYMENT_TARGET = 16.4;
				MTL_ENABLE_DEBUG_INFO = NO;
				MTL_FAST_MATH = YES;
				SDKROOT = iphoneos;
				SWIFT_COMPILATION_MODE = wholemodule;
				SWIFT_OPTIMIZATION_LEVEL = "-O";
				VALIDATE_PRODUCT = YES;
			};
			name = Release;
		};
		18936A382AAA917600367F1C /* Debug */ = {
			isa = XCBuildConfiguration;
			buildSettings = {
				API_BASE_URL = "https://api.open-meteo.com/v1";
				ASSETCATALOG_COMPILER_APPICON_NAME = AppIcon;
				ASSETCATALOG_COMPILER_GLOBAL_ACCENT_COLOR_NAME = AccentColor;
				CODE_SIGN_STYLE = Automatic;
				CURRENT_PROJECT_VERSION = 1;
				DEVELOPMENT_TEAM = 84JLHWG37N;
				GENERATE_INFOPLIST_FILE = YES;
				INFOPLIST_FILE = WeatherApp/Info.plist;
				INFOPLIST_KEY_UIApplicationSupportsIndirectInputEvents = YES;
				INFOPLIST_KEY_UILaunchStoryboardName = LaunchScreen;
				INFOPLIST_KEY_UIMainStoryboardFile = Main;
				INFOPLIST_KEY_UISupportedInterfaceOrientations_iPad = "UIInterfaceOrientationPortrait UIInterfaceOrientationPortraitUpsideDown UIInterfaceOrientationLandscapeLeft UIInterfaceOrientationLandscapeRight";
				INFOPLIST_KEY_UISupportedInterfaceOrientations_iPhone = "UIInterfaceOrientationPortrait UIInterfaceOrientationLandscapeLeft UIInterfaceOrientationLandscapeRight";
				LD_RUNPATH_SEARCH_PATHS = (
					"$(inherited)",
					"@executable_path/Frameworks",
				);
				MARKETING_VERSION = 1.0;
				PRODUCT_BUNDLE_IDENTIFIER = com.anavictoria.WeatherApp;
				PRODUCT_NAME = "$(TARGET_NAME)";
				SWIFT_EMIT_LOC_STRINGS = YES;
				SWIFT_VERSION = 5.0;
				TARGETED_DEVICE_FAMILY = "1,2";
			};
			name = Debug;
		};
		18936A392AAA917600367F1C /* Release */ = {
			isa = XCBuildConfiguration;
			buildSettings = {
				API_BASE_URL = "https://api.open-meteo.com/v1";
				ASSETCATALOG_COMPILER_APPICON_NAME = AppIcon;
				ASSETCATALOG_COMPILER_GLOBAL_ACCENT_COLOR_NAME = AccentColor;
				CODE_SIGN_STYLE = Automatic;
				CURRENT_PROJECT_VERSION = 1;
				DEVELOPMENT_TEAM = 84JLHWG37N;
				GENERATE_INFOPLIST_FILE = YES;
				INFOPLIST_FILE = WeatherApp/Info.plist;
				INFOPLIST_KEY_UIApplicationSupportsIndirectInputEvents = YES;
				INFOPLIST_KEY_UILaunchStoryboardName = LaunchScreen;
				INFOPLIST_KEY_UIMainStoryboardFile = Main;
				INFOPLIST_KEY_UISupportedInterfaceOrientations_iPad = "UIInterfaceOrientationPortrait UIInterfaceOrientationPortraitUpsideDown UIInterfaceOrientationLandscapeLeft UIInterfaceOrientationLandscapeRight";
				INFOPLIST_KEY_UISupportedInterfaceOrientations_iPhone = "UIInterfaceOrientationPortrait UIInterfaceOrientationLandscapeLeft UIInterfaceOrientationLandscapeRight";
				LD_RUNPATH_SEARCH_PATHS = (
					"$(inherited)",
					"@executable_path/Frameworks",
				);
				MARKETING_VERSION = 1.0;
				PRODUCT_BUNDLE_IDENTIFIER = com.anavictoria.WeatherApp;
				PRODUCT_NAME = "$(TARGET_NAME)";
				SWIFT_EMIT_LOC_STRINGS = YES;
				SWIFT_VERSION = 5.0;
				TARGETED_DEVICE_FAMILY = "1,2";
			};
			name = Release;
		};
		18936A3B2AAA917600367F1C /* Debug */ = {
			isa = XCBuildConfiguration;
			buildSettings = {
				ALWAYS_EMBED_SWIFT_STANDARD_LIBRARIES = YES;
				BUNDLE_LOADER = "$(TEST_HOST)";
				CODE_SIGN_STYLE = Automatic;
				CURRENT_PROJECT_VERSION = 1;
				DEVELOPMENT_TEAM = 84JLHWG37N;
				GENERATE_INFOPLIST_FILE = YES;
				IPHONEOS_DEPLOYMENT_TARGET = 16.4;
				MARKETING_VERSION = 1.0;
				PRODUCT_BUNDLE_IDENTIFIER = com.anavictoria.WeatherAppTests;
				PRODUCT_NAME = "$(TARGET_NAME)";
				SWIFT_EMIT_LOC_STRINGS = NO;
				SWIFT_VERSION = 5.0;
				TARGETED_DEVICE_FAMILY = "1,2";
				TEST_HOST = "$(BUILT_PRODUCTS_DIR)/WeatherApp.app/$(BUNDLE_EXECUTABLE_FOLDER_PATH)/WeatherApp";
			};
			name = Debug;
		};
		18936A3C2AAA917600367F1C /* Release */ = {
			isa = XCBuildConfiguration;
			buildSettings = {
				ALWAYS_EMBED_SWIFT_STANDARD_LIBRARIES = YES;
				BUNDLE_LOADER = "$(TEST_HOST)";
				CODE_SIGN_STYLE = Automatic;
				CURRENT_PROJECT_VERSION = 1;
				DEVELOPMENT_TEAM = 84JLHWG37N;
				GENERATE_INFOPLIST_FILE = YES;
				IPHONEOS_DEPLOYMENT_TARGET = 16.4;
				MARKETING_VERSION = 1.0;
				PRODUCT_BUNDLE_IDENTIFIER = com.anavictoria.WeatherAppTests;
				PRODUCT_NAME = "$(TARGET_NAME)";
				SWIFT_EMIT_LOC_STRINGS = NO;
				SWIFT_VERSION = 5.0;
				TARGETED_DEVICE_FAMILY = "1,2";
				TEST_HOST = "$(BUILT_PRODUCTS_DIR)/WeatherApp.app/$(BUNDLE_EXECUTABLE_FOLDER_PATH)/WeatherApp";
			};
			name = Release;
		};
		18936A3E2AAA917600367F1C /* Debug */ = {
			isa = XCBuildConfiguration;
			buildSettings = {
				ALWAYS_EMBED_SWIFT_STANDARD_LIBRARIES = YES;
				CODE_SIGN_STYLE = Automatic;
				CURRENT_PROJECT_VERSION = 1;
				DEVELOPMENT_TEAM = 84JLHWG37N;
				GENERATE_INFOPLIST_FILE = YES;
				MARKETING_VERSION = 1.0;
				PRODUCT_BUNDLE_IDENTIFIER = com.anavictoria.WeatherAppUITests;
				PRODUCT_NAME = "$(TARGET_NAME)";
				SWIFT_EMIT_LOC_STRINGS = NO;
				SWIFT_VERSION = 5.0;
				TARGETED_DEVICE_FAMILY = "1,2";
				TEST_TARGET_NAME = WeatherApp;
			};
			name = Debug;
		};
		18936A3F2AAA917600367F1C /* Release */ = {
			isa = XCBuildConfiguration;
			buildSettings = {
				ALWAYS_EMBED_SWIFT_STANDARD_LIBRARIES = YES;
				CODE_SIGN_STYLE = Automatic;
				CURRENT_PROJECT_VERSION = 1;
				DEVELOPMENT_TEAM = 84JLHWG37N;
				GENERATE_INFOPLIST_FILE = YES;
				MARKETING_VERSION = 1.0;
				PRODUCT_BUNDLE_IDENTIFIER = com.anavictoria.WeatherAppUITests;
				PRODUCT_NAME = "$(TARGET_NAME)";
				SWIFT_EMIT_LOC_STRINGS = NO;
				SWIFT_VERSION = 5.0;
				TARGETED_DEVICE_FAMILY = "1,2";
				TEST_TARGET_NAME = WeatherApp;
			};
			name = Release;
		};
/* End XCBuildConfiguration section */

/* Begin XCConfigurationList section */
		18936A082AAA917400367F1C /* Build configuration list for PBXProject "WeatherApp" */ = {
			isa = XCConfigurationList;
			buildConfigurations = (
				18936A352AAA917600367F1C /* Debug */,
				18936A362AAA917600367F1C /* Release */,
			);
			defaultConfigurationIsVisible = 0;
			defaultConfigurationName = Release;
		};
		18936A372AAA917600367F1C /* Build configuration list for PBXNativeTarget "WeatherApp" */ = {
			isa = XCConfigurationList;
			buildConfigurations = (
				18936A382AAA917600367F1C /* Debug */,
				18936A392AAA917600367F1C /* Release */,
			);
			defaultConfigurationIsVisible = 0;
			defaultConfigurationName = Release;
		};
		18936A3A2AAA917600367F1C /* Build configuration list for PBXNativeTarget "WeatherAppTests" */ = {
			isa = XCConfigurationList;
			buildConfigurations = (
				18936A3B2AAA917600367F1C /* Debug */,
				18936A3C2AAA917600367F1C /* Release */,
			);
			defaultConfigurationIsVisible = 0;
			defaultConfigurationName = Release;
		};
		18936A3D2AAA917600367F1C /* Build configuration list for PBXNativeTarget "WeatherAppUITests" */ = {
			isa = XCConfigurationList;
			buildConfigurations = (
				18936A3E2AAA917600367F1C /* Debug */,
				18936A3F2AAA917600367F1C /* Release */,
			);
			defaultConfigurationIsVisible = 0;
			defaultConfigurationName = Release;
		};
/* End XCConfigurationList section */
	};
	rootObject = 18936A052AAA917400367F1C /* Project object */;
}
